
Microsoft Visual Studio Solution File, Format Version 12.00
# Visual Studio Version 16
VisualStudioVersion = 16.0.30804.86
MinimumVisualStudioVersion = 10.0.40219.1
Project("{FAE04EC0-301F-11D3-BF4B-00C04F79EFBC}") = "RESTAURANT_MANAGEMENT_SYS", "RESTAURANT_MANAGEMENT_SYS\RESTAURANT_MANAGEMENT_SYS.csproj", "{1AFEFFE1-F94A-4D04-8A29-7C07EED560AA}"
EndProject
Global
	GlobalSection(SolutionConfigurationPlatforms) = preSolution
		Debug|Any CPU = Debug|Any CPU
		Release|Any CPU = Release|Any CPU
	EndGlobalSection
	GlobalSection(ProjectConfigurationPlatforms) = postSolution
		{1AFEFFE1-F94A-4D04-8A29-7C07EED560AA}.Debug|Any CPU.ActiveCfg = Debug|Any CPU
		{1AFEFFE1-F94A-4D04-8A29-7C07EED560AA}.Debug|Any CPU.Build.0 = Debug|Any CPU
		{1AFEFFE1-F94A-4D04-8A29-7C07EED560AA}.Release|Any CPU.ActiveCfg = Release|Any CPU
		{1AFEFFE1-F94A-4D04-8A29-7C07EED560AA}.Release|Any CPU.Build.0 = Release|Any CPU
	EndGlobalSection
	GlobalSection(SolutionProperties) = preSolution
		HideSolutionNode = FALSE
	EndGlobalSection
	GlobalSection(ExtensibilityGlobals) = postSolution
		SolutionGuid = {200EB449-C71A-4A39-8A18-F6D940681776}
	EndGlobalSection
EndGlobal
